
Microsoft Visual Studio Solution File, Format Version 12.00
# Visual Studio Version 17
VisualStudioVersion = 17.14.36511.14 d17.14
MinimumVisualStudioVersion = 10.0.40219.1
Project("{FAE04EC0-301F-11D3-BF4B-00C04F79EFBC}") = "LW_WinForm_OOP_Daryev", "LW_WinForm_OOP_Daryev.csproj", "{2B4C1C38-8022-4777-A5E8-E9CBB53B938D}"
EndProject
Global
	GlobalSection(SolutionConfigurationPlatforms) = preSolution
		Debug|Any CPU = Debug|Any CPU
		Release|Any CPU = Release|Any CPU
	EndGlobalSection
	GlobalSection(ProjectConfigurationPlatforms) = postSolution
		{2B4C1C38-8022-4777-A5E8-E9CBB53B938D}.Debug|Any CPU.ActiveCfg = Debug|Any CPU
		{2B4C1C38-8022-4777-A5E8-E9CBB53B938D}.Debug|Any CPU.Build.0 = Debug|Any CPU
		{2B4C1C38-8022-4777-A5E8-E9CBB53B938D}.Release|Any CPU.ActiveCfg = Release|Any CPU
		{2B4C1C38-8022-4777-A5E8-E9CBB53B938D}.Release|Any CPU.Build.0 = Release|Any CPU
	EndGlobalSection
	GlobalSection(SolutionProperties) = preSolution
		HideSolutionNode = FALSE
	EndGlobalSection
	GlobalSection(ExtensibilityGlobals) = postSolution
		SolutionGuid = {C37570D6-5BB9-49D7-A629-2F1881EB59BC}
	EndGlobalSection
EndGlobal
