
Microsoft Visual Studio Solution File, Format Version 12.00
# Visual Studio Version 17
VisualStudioVersion = 17.14.36511.14 d17.14
MinimumVisualStudioVersion = 10.0.40219.1
Project("{8BC9CEB8-8B4A-11D0-8D11-00A0C91BC942}") = "LT_2_Daryev", "LT_2_Daryev\LT_2_Daryev.vcxproj", "{C3553B27-C95C-4FC0-8F99-5572F75C9FDB}"
EndProject
Global
	GlobalSection(SolutionConfigurationPlatforms) = preSolution
		Debug|x64 = Debug|x64
		Debug|x86 = Debug|x86
		Release|x64 = Release|x64
		Release|x86 = Release|x86
	EndGlobalSection
	GlobalSection(ProjectConfigurationPlatforms) = postSolution
		{C3553B27-C95C-4FC0-8F99-5572F75C9FDB}.Debug|x64.ActiveCfg = Debug|x64
		{C3553B27-C95C-4FC0-8F99-5572F75C9FDB}.Debug|x64.Build.0 = Debug|x64
		{C3553B27-C95C-4FC0-8F99-5572F75C9FDB}.Debug|x86.ActiveCfg = Debug|Win32
		{C3553B27-C95C-4FC0-8F99-5572F75C9FDB}.Debug|x86.Build.0 = Debug|Win32
		{C3553B27-C95C-4FC0-8F99-5572F75C9FDB}.Release|x64.ActiveCfg = Release|x64
		{C3553B27-C95C-4FC0-8F99-5572F75C9FDB}.Release|x64.Build.0 = Release|x64
		{C3553B27-C95C-4FC0-8F99-5572F75C9FDB}.Release|x86.ActiveCfg = Release|Win32
		{C3553B27-C95C-4FC0-8F99-5572F75C9FDB}.Release|x86.Build.0 = Release|Win32
	EndGlobalSection
	GlobalSection(SolutionProperties) = preSolution
		HideSolutionNode = FALSE
	EndGlobalSection
	GlobalSection(ExtensibilityGlobals) = postSolution
		SolutionGuid = {5BB0052B-0D91-47DF-94A5-AC600A94A941}
	EndGlobalSection
EndGlobal
