
Microsoft Visual Studio Solution File, Format Version 12.00
# Visual Studio Version 17
VisualStudioVersion = 17.14.36511.14 d17.14
MinimumVisualStudioVersion = 10.0.40219.1
Project("{FAE04EC0-301F-11D3-BF4B-00C04F79EFBC}") = "LW_Daryev_WinForm_NewEdition", "LW_Daryev_WinForm_NewEdition.csproj", "{71BA90FA-31FA-4D3F-AD7C-EBA1DA095E37}"
EndProject
Global
	GlobalSection(SolutionConfigurationPlatforms) = preSolution
		Debug|Any CPU = Debug|Any CPU
		Release|Any CPU = Release|Any CPU
	EndGlobalSection
	GlobalSection(ProjectConfigurationPlatforms) = postSolution
		{71BA90FA-31FA-4D3F-AD7C-EBA1DA095E37}.Debug|Any CPU.ActiveCfg = Debug|Any CPU
		{71BA90FA-31FA-4D3F-AD7C-EBA1DA095E37}.Debug|Any CPU.Build.0 = Debug|Any CPU
		{71BA90FA-31FA-4D3F-AD7C-EBA1DA095E37}.Release|Any CPU.ActiveCfg = Release|Any CPU
		{71BA90FA-31FA-4D3F-AD7C-EBA1DA095E37}.Release|Any CPU.Build.0 = Release|Any CPU
	EndGlobalSection
	GlobalSection(SolutionProperties) = preSolution
		HideSolutionNode = FALSE
	EndGlobalSection
	GlobalSection(ExtensibilityGlobals) = postSolution
		SolutionGuid = {036D95ED-A976-4138-93B5-0D6EBCADA95F}
	EndGlobalSection
EndGlobal
