
Microsoft Visual Studio Solution File, Format Version 12.00
# Visual Studio Version 17
VisualStudioVersion = 17.14.36310.24 d17.14
MinimumVisualStudioVersion = 10.0.40219.1
Project("{FAE04EC0-301F-11D3-BF4B-00C04F79EFBC}") = "OOP_Lab_1_Daryev", "OOP_Lab_1_Daryev.csproj", "{9696FCBD-8C22-4D5E-888A-9BDF06FE12CB}"
EndProject
Global
	GlobalSection(SolutionConfigurationPlatforms) = preSolution
		Debug|Any CPU = Debug|Any CPU
		Release|Any CPU = Release|Any CPU
	EndGlobalSection
	GlobalSection(ProjectConfigurationPlatforms) = postSolution
		{9696FCBD-8C22-4D5E-888A-9BDF06FE12CB}.Debug|Any CPU.ActiveCfg = Debug|Any CPU
		{9696FCBD-8C22-4D5E-888A-9BDF06FE12CB}.Debug|Any CPU.Build.0 = Debug|Any CPU
		{9696FCBD-8C22-4D5E-888A-9BDF06FE12CB}.Release|Any CPU.ActiveCfg = Release|Any CPU
		{9696FCBD-8C22-4D5E-888A-9BDF06FE12CB}.Release|Any CPU.Build.0 = Release|Any CPU
	EndGlobalSection
	GlobalSection(SolutionProperties) = preSolution
		HideSolutionNode = FALSE
	EndGlobalSection
	GlobalSection(ExtensibilityGlobals) = postSolution
		SolutionGuid = {3D295C24-D773-4CFB-A981-3E902A469FA3}
	EndGlobalSection
EndGlobal
